
Microsoft Visual Studio Solution File, Format Version 12.00
# Visual Studio Version 17
VisualStudioVersion = 17.9.34714.143
MinimumVisualStudioVersion = 10.0.40219.1
Project("{C9674DCB-5085-4A16-B785-4C70DD1589BD}") = "SSISWorking", "SSISWorking\SSISWorking.dtproj", "{E3AAF7E5-10EA-4B2B-B30B-99A15A9215DE}"
EndProject
Global
	GlobalSection(SolutionConfigurationPlatforms) = preSolution
		Development|Default = Development|Default
	EndGlobalSection
	GlobalSection(ProjectConfigurationPlatforms) = postSolution
		{E3AAF7E5-10EA-4B2B-B30B-99A15A9215DE}.Development|Default.ActiveCfg = Development
		{E3AAF7E5-10EA-4B2B-B30B-99A15A9215DE}.Development|Default.Build.0 = Development
	EndGlobalSection
	GlobalSection(SolutionProperties) = preSolution
		HideSolutionNode = FALSE
	EndGlobalSection
	GlobalSection(ExtensibilityGlobals) = postSolution
		SolutionGuid = {2C867C1A-3520-4382-9FEA-913DFFE95DF9}
	EndGlobalSection
EndGlobal
