
Microsoft Visual Studio Solution File, Format Version 12.00
# Visual Studio Version 17
VisualStudioVersion = 17.9.34714.143
MinimumVisualStudioVersion = 10.0.40219.1
Project("{C9674DCB-5085-4A16-B785-4C70DD1589BD}") = "DataWorkFlow1", "DataWorkFlow1.dtproj", "{122A8149-8CFB-4CAA-806E-51D11F751765}"
EndProject
Global
	GlobalSection(SolutionConfigurationPlatforms) = preSolution
		Development|Default = Development|Default
	EndGlobalSection
	GlobalSection(ProjectConfigurationPlatforms) = postSolution
		{122A8149-8CFB-4CAA-806E-51D11F751765}.Development|Default.ActiveCfg = Development
		{122A8149-8CFB-4CAA-806E-51D11F751765}.Development|Default.Build.0 = Development
	EndGlobalSection
	GlobalSection(SolutionProperties) = preSolution
		HideSolutionNode = FALSE
	EndGlobalSection
	GlobalSection(ExtensibilityGlobals) = postSolution
		SolutionGuid = {1BCED02C-9347-40F2-B5BB-1F916131F869}
	EndGlobalSection
EndGlobal
