
Microsoft Visual Studio Solution File, Format Version 12.00
# Visual Studio Version 17
VisualStudioVersion = 17.9.34714.143
MinimumVisualStudioVersion = 10.0.40219.1
Project("{C9674DCB-5085-4A16-B785-4C70DD1589BD}") = "ProjectTest", "ProjectTest.dtproj", "{2FABE466-7C14-4B76-851F-2851C8FE7846}"
EndProject
Global
	GlobalSection(SolutionConfigurationPlatforms) = preSolution
		Development|Default = Development|Default
	EndGlobalSection
	GlobalSection(ProjectConfigurationPlatforms) = postSolution
		{2FABE466-7C14-4B76-851F-2851C8FE7846}.Development|Default.ActiveCfg = Development
		{2FABE466-7C14-4B76-851F-2851C8FE7846}.Development|Default.Build.0 = Development
	EndGlobalSection
	GlobalSection(SolutionProperties) = preSolution
		HideSolutionNode = FALSE
	EndGlobalSection
	GlobalSection(ExtensibilityGlobals) = postSolution
		SolutionGuid = {511A71B7-C61C-4A17-8E7E-890D256DE1AC}
	EndGlobalSection
EndGlobal
