
Microsoft Visual Studio Solution File, Format Version 12.00
# Visual Studio Version 17
VisualStudioVersion = 17.9.34714.143
MinimumVisualStudioVersion = 10.0.40219.1
Project("{C9674DCB-5085-4A16-B785-4C70DD1589BD}") = "PorjectDemo", "PorjectDemo.dtproj", "{FA37F043-4EA7-42E7-B893-4808D6D0C53B}"
EndProject
Global
	GlobalSection(SolutionConfigurationPlatforms) = preSolution
		Development|Default = Development|Default
	EndGlobalSection
	GlobalSection(ProjectConfigurationPlatforms) = postSolution
		{FA37F043-4EA7-42E7-B893-4808D6D0C53B}.Development|Default.ActiveCfg = Development
		{FA37F043-4EA7-42E7-B893-4808D6D0C53B}.Development|Default.Build.0 = Development
	EndGlobalSection
	GlobalSection(SolutionProperties) = preSolution
		HideSolutionNode = FALSE
	EndGlobalSection
	GlobalSection(ExtensibilityGlobals) = postSolution
		SolutionGuid = {F9358F7F-ECED-4FEF-BEE5-6EE93568B53F}
	EndGlobalSection
EndGlobal
