
Microsoft Visual Studio Solution File, Format Version 12.00
# Visual Studio Version 17
VisualStudioVersion = 17.9.34714.143
MinimumVisualStudioVersion = 10.0.40219.1
Project("{C9674DCB-5085-4A16-B785-4C70DD1589BD}") = "Practice Activity 3", "Practice Activity 3.dtproj", "{4ADD47AC-4006-4DC0-8009-991793817E83}"
EndProject
Global
	GlobalSection(SolutionConfigurationPlatforms) = preSolution
		Development|Default = Development|Default
	EndGlobalSection
	GlobalSection(ProjectConfigurationPlatforms) = postSolution
		{4ADD47AC-4006-4DC0-8009-991793817E83}.Development|Default.ActiveCfg = Development
		{4ADD47AC-4006-4DC0-8009-991793817E83}.Development|Default.Build.0 = Development
	EndGlobalSection
	GlobalSection(SolutionProperties) = preSolution
		HideSolutionNode = FALSE
	EndGlobalSection
	GlobalSection(ExtensibilityGlobals) = postSolution
		SolutionGuid = {D329FA9D-AEB5-4283-8488-5B135DCD315C}
	EndGlobalSection
EndGlobal
